
Microsoft Visual Studio Solution File, Format Version 12.00
# Visual Studio 2013
VisualStudioVersion = 12.0.21005.1
MinimumVisualStudioVersion = 10.0.40219.1
Project("{FAE04EC0-301F-11D3-BF4B-00C04F79EFBC}") = "AdventureWorks.Model", "Model\AdventureWorks.Model.csproj", "{2B4644A3-C06D-4520-AD71-593676B79212}"
EndProject
Project("{FAE04EC0-301F-11D3-BF4B-00C04F79EFBC}") = "AdventureWorks.Persistence", "Persistence\AdventureWorks.Persistence.csproj", "{499EA561-868E-4D48-84DF-E0255C7BBB71}"
EndProject
Project("{FAE04EC0-301F-11D3-BF4B-00C04F79EFBC}") = "AdventureWorks.Repository", "Repository\AdventureWorks.Repository.csproj", "{003DBC63-DDA6-47F3-863E-73B040D7DBA4}"
EndProject
Project("{FAE04EC0-301F-11D3-BF4B-00C04F79EFBC}") = "AdventureWorks.UOW", "UOW\AdventureWorks.UOW.csproj", "{FB030511-0AD4-41A8-BBC3-DC15CF66C271}"
EndProject
Project("{FAE04EC0-301F-11D3-BF4B-00C04F79EFBC}") = "AdventureWorks.UOW.Model", "UOW.Model\AdventureWorks.UOW.Model.csproj", "{FE7B9C20-9998-4CFE-AED8-0A13A47F6D83}"
EndProject
Project("{FAE04EC0-301F-11D3-BF4B-00C04F79EFBC}") = "AdventureWorks.Repository.Test", "Repository.Test\AdventureWorks.Repository.Test.csproj", "{1003F8B7-44D9-405D-B6F8-8D8108B3A33B}"
EndProject
Project("{FAE04EC0-301F-11D3-BF4B-00C04F79EFBC}") = "AdventureWorks.API", "AdventureWorks.API\AdventureWorks.API.csproj", "{6892DFFE-BE79-46F2-A77B-8E7BABA19B07}"
EndProject
Project("{FAE04EC0-301F-11D3-BF4B-00C04F79EFBC}") = "AdventureWorks.API.Route", "AdventureWorks.API.Route\AdventureWorks.API.Route.csproj", "{25604101-66AC-45DC-85D7-25A367AE4FB7}"
EndProject
Project("{FAE04EC0-301F-11D3-BF4B-00C04F79EFBC}") = "AdventureWorks.API.Model", "AdventureWorks.API.Model\AdventureWorks.API.Model.csproj", "{46657647-5ADA-4108-A1BC-2FFE73D449E7}"
EndProject
Project("{FAE04EC0-301F-11D3-BF4B-00C04F79EFBC}") = "AdventureWorks.RestClient", "AdventureWorks.RestClient\AdventureWorks.RestClient.csproj", "{F251F7EB-DCB3-4FE4-9A10-31942EEF8D99}"
EndProject
Project("{FAE04EC0-301F-11D3-BF4B-00C04F79EFBC}") = "AdventureWorks.Repository.Extension.Model", "AdventureWorks.Repository.Extension.Model\AdventureWorks.Repository.Extension.Model.csproj", "{44B13F9E-7B33-439B-B49B-2EEAA210C4C4}"
EndProject
Project("{2150E333-8FDC-42A3-9474-1A3956D46DE8}") = ".nuget", ".nuget", "{D5E5FF6F-B983-4509-9970-2166D3BB208B}"
	ProjectSection(SolutionItems) = preProject
		.nuget\packages.config = .nuget\packages.config
	EndProjectSection
EndProject
Project("{FAE04EC0-301F-11D3-BF4B-00C04F79EFBC}") = "AdventureWorks.Utils", "AdventureWorks.Utils\AdventureWorks.Utils.csproj", "{A40EA110-3716-4E66-85BD-BED4EC3DBBBF}"
EndProject
Global
	GlobalSection(SolutionConfigurationPlatforms) = preSolution
		Debug|Any CPU = Debug|Any CPU
		Release|Any CPU = Release|Any CPU
	EndGlobalSection
	GlobalSection(ProjectConfigurationPlatforms) = postSolution
		{2B4644A3-C06D-4520-AD71-593676B79212}.Debug|Any CPU.ActiveCfg = Debug|Any CPU
		{2B4644A3-C06D-4520-AD71-593676B79212}.Debug|Any CPU.Build.0 = Debug|Any CPU
		{2B4644A3-C06D-4520-AD71-593676B79212}.Release|Any CPU.ActiveCfg = Release|Any CPU
		{2B4644A3-C06D-4520-AD71-593676B79212}.Release|Any CPU.Build.0 = Release|Any CPU
		{499EA561-868E-4D48-84DF-E0255C7BBB71}.Debug|Any CPU.ActiveCfg = Debug|Any CPU
		{499EA561-868E-4D48-84DF-E0255C7BBB71}.Debug|Any CPU.Build.0 = Debug|Any CPU
		{499EA561-868E-4D48-84DF-E0255C7BBB71}.Release|Any CPU.ActiveCfg = Release|Any CPU
		{499EA561-868E-4D48-84DF-E0255C7BBB71}.Release|Any CPU.Build.0 = Release|Any CPU
		{003DBC63-DDA6-47F3-863E-73B040D7DBA4}.Debug|Any CPU.ActiveCfg = Debug|Any CPU
		{003DBC63-DDA6-47F3-863E-73B040D7DBA4}.Debug|Any CPU.Build.0 = Debug|Any CPU
		{003DBC63-DDA6-47F3-863E-73B040D7DBA4}.Release|Any CPU.ActiveCfg = Release|Any CPU
		{003DBC63-DDA6-47F3-863E-73B040D7DBA4}.Release|Any CPU.Build.0 = Release|Any CPU
		{FB030511-0AD4-41A8-BBC3-DC15CF66C271}.Debug|Any CPU.ActiveCfg = Debug|Any CPU
		{FB030511-0AD4-41A8-BBC3-DC15CF66C271}.Debug|Any CPU.Build.0 = Debug|Any CPU
		{FB030511-0AD4-41A8-BBC3-DC15CF66C271}.Release|Any CPU.ActiveCfg = Release|Any CPU
		{FB030511-0AD4-41A8-BBC3-DC15CF66C271}.Release|Any CPU.Build.0 = Release|Any CPU
		{FE7B9C20-9998-4CFE-AED8-0A13A47F6D83}.Debug|Any CPU.ActiveCfg = Debug|Any CPU
		{FE7B9C20-9998-4CFE-AED8-0A13A47F6D83}.Debug|Any CPU.Build.0 = Debug|Any CPU
		{FE7B9C20-9998-4CFE-AED8-0A13A47F6D83}.Release|Any CPU.ActiveCfg = Release|Any CPU
		{FE7B9C20-9998-4CFE-AED8-0A13A47F6D83}.Release|Any CPU.Build.0 = Release|Any CPU
		{1003F8B7-44D9-405D-B6F8-8D8108B3A33B}.Debug|Any CPU.ActiveCfg = Debug|Any CPU
		{1003F8B7-44D9-405D-B6F8-8D8108B3A33B}.Debug|Any CPU.Build.0 = Debug|Any CPU
		{1003F8B7-44D9-405D-B6F8-8D8108B3A33B}.Release|Any CPU.ActiveCfg = Release|Any CPU
		{1003F8B7-44D9-405D-B6F8-8D8108B3A33B}.Release|Any CPU.Build.0 = Release|Any CPU
		{6892DFFE-BE79-46F2-A77B-8E7BABA19B07}.Debug|Any CPU.ActiveCfg = Debug|Any CPU
		{6892DFFE-BE79-46F2-A77B-8E7BABA19B07}.Debug|Any CPU.Build.0 = Debug|Any CPU
		{6892DFFE-BE79-46F2-A77B-8E7BABA19B07}.Release|Any CPU.ActiveCfg = Release|Any CPU
		{6892DFFE-BE79-46F2-A77B-8E7BABA19B07}.Release|Any CPU.Build.0 = Release|Any CPU
		{25604101-66AC-45DC-85D7-25A367AE4FB7}.Debug|Any CPU.ActiveCfg = Debug|Any CPU
		{25604101-66AC-45DC-85D7-25A367AE4FB7}.Debug|Any CPU.Build.0 = Debug|Any CPU
		{25604101-66AC-45DC-85D7-25A367AE4FB7}.Release|Any CPU.ActiveCfg = Release|Any CPU
		{25604101-66AC-45DC-85D7-25A367AE4FB7}.Release|Any CPU.Build.0 = Release|Any CPU
		{46657647-5ADA-4108-A1BC-2FFE73D449E7}.Debug|Any CPU.ActiveCfg = Debug|Any CPU
		{46657647-5ADA-4108-A1BC-2FFE73D449E7}.Debug|Any CPU.Build.0 = Debug|Any CPU
		{46657647-5ADA-4108-A1BC-2FFE73D449E7}.Release|Any CPU.ActiveCfg = Release|Any CPU
		{46657647-5ADA-4108-A1BC-2FFE73D449E7}.Release|Any CPU.Build.0 = Release|Any CPU
		{F251F7EB-DCB3-4FE4-9A10-31942EEF8D99}.Debug|Any CPU.ActiveCfg = Debug|Any CPU
		{F251F7EB-DCB3-4FE4-9A10-31942EEF8D99}.Debug|Any CPU.Build.0 = Debug|Any CPU
		{F251F7EB-DCB3-4FE4-9A10-31942EEF8D99}.Release|Any CPU.ActiveCfg = Release|Any CPU
		{F251F7EB-DCB3-4FE4-9A10-31942EEF8D99}.Release|Any CPU.Build.0 = Release|Any CPU
		{44B13F9E-7B33-439B-B49B-2EEAA210C4C4}.Debug|Any CPU.ActiveCfg = Debug|Any CPU
		{44B13F9E-7B33-439B-B49B-2EEAA210C4C4}.Debug|Any CPU.Build.0 = Debug|Any CPU
		{44B13F9E-7B33-439B-B49B-2EEAA210C4C4}.Release|Any CPU.ActiveCfg = Release|Any CPU
		{44B13F9E-7B33-439B-B49B-2EEAA210C4C4}.Release|Any CPU.Build.0 = Release|Any CPU
		{A40EA110-3716-4E66-85BD-BED4EC3DBBBF}.Debug|Any CPU.ActiveCfg = Debug|Any CPU
		{A40EA110-3716-4E66-85BD-BED4EC3DBBBF}.Debug|Any CPU.Build.0 = Debug|Any CPU
		{A40EA110-3716-4E66-85BD-BED4EC3DBBBF}.Release|Any CPU.ActiveCfg = Release|Any CPU
		{A40EA110-3716-4E66-85BD-BED4EC3DBBBF}.Release|Any CPU.Build.0 = Release|Any CPU
	EndGlobalSection
	GlobalSection(SolutionProperties) = preSolution
		HideSolutionNode = FALSE
	EndGlobalSection
EndGlobal
