
Microsoft Visual Studio Solution File, Format Version 12.00
# Visual Studio 2013
VisualStudioVersion = 12.0.30723.0
MinimumVisualStudioVersion = 10.0.40219.1
Project("{FAE04EC0-301F-11D3-BF4B-00C04F79EFBC}") = "AdventureWorks.Model", "Model\AdventureWorks.Model.csproj", "{2B4644A3-C06D-4520-AD71-593676B79212}"
EndProject
Project("{FAE04EC0-301F-11D3-BF4B-00C04F79EFBC}") = "AdventureWorks.Persistence", "Persistence\AdventureWorks.Persistence.csproj", "{499EA561-868E-4D48-84DF-E0255C7BBB71}"
EndProject
Project("{FAE04EC0-301F-11D3-BF4B-00C04F79EFBC}") = "AdventureWorks.Repository", "Repository\AdventureWorks.Repository.csproj", "{003DBC63-DDA6-47F3-863E-73B040D7DBA4}"
EndProject
Project("{FAE04EC0-301F-11D3-BF4B-00C04F79EFBC}") = "AdventureWorks.UOW", "UOW\AdventureWorks.UOW.csproj", "{FB030511-0AD4-41A8-BBC3-DC15CF66C271}"
EndProject
Project("{FAE04EC0-301F-11D3-BF4B-00C04F79EFBC}") = "ConsoleApplication1", "ConsoleApplication1\ConsoleApplication1.csproj", "{B72112D3-E14D-4316-B993-EF7D21A57734}"
EndProject
Project("{FAE04EC0-301F-11D3-BF4B-00C04F79EFBC}") = "AdventureWorks.UOW.Model", "UOW.Model\AdventureWorks.UOW.Model.csproj", "{FE7B9C20-9998-4CFE-AED8-0A13A47F6D83}"
EndProject
Project("{FAE04EC0-301F-11D3-BF4B-00C04F79EFBC}") = "AdventureWorks.Repository.Test", "Repository.Test\AdventureWorks.Repository.Test.csproj", "{1003F8B7-44D9-405D-B6F8-8D8108B3A33B}"
EndProject
Project("{FAE04EC0-301F-11D3-BF4B-00C04F79EFBC}") = "AdventureWorks.API", "AdventureWorks.API\AdventureWorks.API.csproj", "{6892DFFE-BE79-46F2-A77B-8E7BABA19B07}"
EndProject
Global
	GlobalSection(SolutionConfigurationPlatforms) = preSolution
		Debug|Any CPU = Debug|Any CPU
		Release|Any CPU = Release|Any CPU
	EndGlobalSection
	GlobalSection(ProjectConfigurationPlatforms) = postSolution
		{2B4644A3-C06D-4520-AD71-593676B79212}.Debug|Any CPU.ActiveCfg = Debug|Any CPU
		{2B4644A3-C06D-4520-AD71-593676B79212}.Debug|Any CPU.Build.0 = Debug|Any CPU
		{2B4644A3-C06D-4520-AD71-593676B79212}.Release|Any CPU.ActiveCfg = Release|Any CPU
		{2B4644A3-C06D-4520-AD71-593676B79212}.Release|Any CPU.Build.0 = Release|Any CPU
		{499EA561-868E-4D48-84DF-E0255C7BBB71}.Debug|Any CPU.ActiveCfg = Debug|Any CPU
		{499EA561-868E-4D48-84DF-E0255C7BBB71}.Debug|Any CPU.Build.0 = Debug|Any CPU
		{499EA561-868E-4D48-84DF-E0255C7BBB71}.Release|Any CPU.ActiveCfg = Release|Any CPU
		{499EA561-868E-4D48-84DF-E0255C7BBB71}.Release|Any CPU.Build.0 = Release|Any CPU
		{003DBC63-DDA6-47F3-863E-73B040D7DBA4}.Debug|Any CPU.ActiveCfg = Debug|Any CPU
		{003DBC63-DDA6-47F3-863E-73B040D7DBA4}.Debug|Any CPU.Build.0 = Debug|Any CPU
		{003DBC63-DDA6-47F3-863E-73B040D7DBA4}.Release|Any CPU.ActiveCfg = Release|Any CPU
		{003DBC63-DDA6-47F3-863E-73B040D7DBA4}.Release|Any CPU.Build.0 = Release|Any CPU
		{FB030511-0AD4-41A8-BBC3-DC15CF66C271}.Debug|Any CPU.ActiveCfg = Debug|Any CPU
		{FB030511-0AD4-41A8-BBC3-DC15CF66C271}.Debug|Any CPU.Build.0 = Debug|Any CPU
		{FB030511-0AD4-41A8-BBC3-DC15CF66C271}.Release|Any CPU.ActiveCfg = Release|Any CPU
		{FB030511-0AD4-41A8-BBC3-DC15CF66C271}.Release|Any CPU.Build.0 = Release|Any CPU
		{B72112D3-E14D-4316-B993-EF7D21A57734}.Debug|Any CPU.ActiveCfg = Debug|Any CPU
		{B72112D3-E14D-4316-B993-EF7D21A57734}.Debug|Any CPU.Build.0 = Debug|Any CPU
		{B72112D3-E14D-4316-B993-EF7D21A57734}.Release|Any CPU.ActiveCfg = Release|Any CPU
		{B72112D3-E14D-4316-B993-EF7D21A57734}.Release|Any CPU.Build.0 = Release|Any CPU
		{FE7B9C20-9998-4CFE-AED8-0A13A47F6D83}.Debug|Any CPU.ActiveCfg = Debug|Any CPU
		{FE7B9C20-9998-4CFE-AED8-0A13A47F6D83}.Debug|Any CPU.Build.0 = Debug|Any CPU
		{FE7B9C20-9998-4CFE-AED8-0A13A47F6D83}.Release|Any CPU.ActiveCfg = Release|Any CPU
		{FE7B9C20-9998-4CFE-AED8-0A13A47F6D83}.Release|Any CPU.Build.0 = Release|Any CPU
		{1003F8B7-44D9-405D-B6F8-8D8108B3A33B}.Debug|Any CPU.ActiveCfg = Debug|Any CPU
		{1003F8B7-44D9-405D-B6F8-8D8108B3A33B}.Debug|Any CPU.Build.0 = Debug|Any CPU
		{1003F8B7-44D9-405D-B6F8-8D8108B3A33B}.Release|Any CPU.ActiveCfg = Release|Any CPU
		{1003F8B7-44D9-405D-B6F8-8D8108B3A33B}.Release|Any CPU.Build.0 = Release|Any CPU
		{6892DFFE-BE79-46F2-A77B-8E7BABA19B07}.Debug|Any CPU.ActiveCfg = Debug|Any CPU
		{6892DFFE-BE79-46F2-A77B-8E7BABA19B07}.Debug|Any CPU.Build.0 = Debug|Any CPU
		{6892DFFE-BE79-46F2-A77B-8E7BABA19B07}.Release|Any CPU.ActiveCfg = Release|Any CPU
		{6892DFFE-BE79-46F2-A77B-8E7BABA19B07}.Release|Any CPU.Build.0 = Release|Any CPU
	EndGlobalSection
	GlobalSection(SolutionProperties) = preSolution
		HideSolutionNode = FALSE
	EndGlobalSection
EndGlobal
